
Microsoft Visual Studio Solution File, Format Version 12.00
# Visual Studio Version 17
VisualStudioVersion = 17.5.002.0
MinimumVisualStudioVersion = 10.0.40219.1
Project("{9A19103F-16F7-4668-BE54-9A1E7A4F7556}") = "laboration_clean_code", "laboration_clean_code.csproj", "{376D5BB6-4FAE-40CD-892B-8DAFD4AA96CA}"
EndProject
Global
	GlobalSection(SolutionConfigurationPlatforms) = preSolution
		Debug|Any CPU = Debug|Any CPU
		Release|Any CPU = Release|Any CPU
	EndGlobalSection
	GlobalSection(ProjectConfigurationPlatforms) = postSolution
		{376D5BB6-4FAE-40CD-892B-8DAFD4AA96CA}.Debug|Any CPU.ActiveCfg = Debug|Any CPU
		{376D5BB6-4FAE-40CD-892B-8DAFD4AA96CA}.Debug|Any CPU.Build.0 = Debug|Any CPU
		{376D5BB6-4FAE-40CD-892B-8DAFD4AA96CA}.Release|Any CPU.ActiveCfg = Release|Any CPU
		{376D5BB6-4FAE-40CD-892B-8DAFD4AA96CA}.Release|Any CPU.Build.0 = Release|Any CPU
	EndGlobalSection
	GlobalSection(SolutionProperties) = preSolution
		HideSolutionNode = FALSE
	EndGlobalSection
	GlobalSection(ExtensibilityGlobals) = postSolution
		SolutionGuid = {8ABA6727-E536-44D0-A4A1-5883F4C76B6D}
	EndGlobalSection
EndGlobal
